
Microsoft Visual Studio Solution File, Format Version 12.00
# Visual Studio Version 16
VisualStudioVersion = 16.0.30011.22
MinimumVisualStudioVersion = 10.0.40219.1
Project("{9A19103F-16F7-4668-BE54-9A1E7A4F7556}") = "OdeToFood", "OdeToFood\OdeToFood.csproj", "{97CDE9CC-F973-4BA1-A51B-527086DD9020}"
EndProject
Project("{9A19103F-16F7-4668-BE54-9A1E7A4F7556}") = "OdeToFood.Data", "OdeToFoodd.Data\OdeToFood.Data.csproj", "{77C96DB5-ECFD-430F-A680-EC2798FBF9B9}"
	ProjectSection(ProjectDependencies) = postProject
		{48B1704D-A272-472B-8255-0684E5C1DD7E} = {48B1704D-A272-472B-8255-0684E5C1DD7E}
	EndProjectSection
EndProject
Project("{9A19103F-16F7-4668-BE54-9A1E7A4F7556}") = "OdeToFood.Core", "OdeToFoodd.Core\OdeToFood.Core.csproj", "{48B1704D-A272-472B-8255-0684E5C1DD7E}"
EndProject
Global
	GlobalSection(SolutionConfigurationPlatforms) = preSolution
		Debug|Any CPU = Debug|Any CPU
		Release|Any CPU = Release|Any CPU
	EndGlobalSection
	GlobalSection(ProjectConfigurationPlatforms) = postSolution
		{97CDE9CC-F973-4BA1-A51B-527086DD9020}.Debug|Any CPU.ActiveCfg = Debug|Any CPU
		{97CDE9CC-F973-4BA1-A51B-527086DD9020}.Debug|Any CPU.Build.0 = Debug|Any CPU
		{97CDE9CC-F973-4BA1-A51B-527086DD9020}.Release|Any CPU.ActiveCfg = Release|Any CPU
		{97CDE9CC-F973-4BA1-A51B-527086DD9020}.Release|Any CPU.Build.0 = Release|Any CPU
		{77C96DB5-ECFD-430F-A680-EC2798FBF9B9}.Debug|Any CPU.ActiveCfg = Debug|Any CPU
		{77C96DB5-ECFD-430F-A680-EC2798FBF9B9}.Debug|Any CPU.Build.0 = Debug|Any CPU
		{77C96DB5-ECFD-430F-A680-EC2798FBF9B9}.Release|Any CPU.ActiveCfg = Release|Any CPU
		{77C96DB5-ECFD-430F-A680-EC2798FBF9B9}.Release|Any CPU.Build.0 = Release|Any CPU
		{48B1704D-A272-472B-8255-0684E5C1DD7E}.Debug|Any CPU.ActiveCfg = Debug|Any CPU
		{48B1704D-A272-472B-8255-0684E5C1DD7E}.Debug|Any CPU.Build.0 = Debug|Any CPU
		{48B1704D-A272-472B-8255-0684E5C1DD7E}.Release|Any CPU.ActiveCfg = Release|Any CPU
		{48B1704D-A272-472B-8255-0684E5C1DD7E}.Release|Any CPU.Build.0 = Release|Any CPU
	EndGlobalSection
	GlobalSection(SolutionProperties) = preSolution
		HideSolutionNode = FALSE
	EndGlobalSection
	GlobalSection(ExtensibilityGlobals) = postSolution
		SolutionGuid = {AFE62AD7-D030-4123-83C9-45D4C8D19B0B}
	EndGlobalSection
EndGlobal
